
Microsoft Visual Studio Solution File, Format Version 12.00
# Visual Studio 15
VisualStudioVersion = 15.0.26124.0
MinimumVisualStudioVersion = 15.0.26124.0
Project("{2150E333-8FDC-42A3-9474-1A3956D46DE8}") = "src", "src", "{FD02FA1D-1EF5-4034-9181-293EDBAD9B8D}"
EndProject
Project("{FAE04EC0-301F-11D3-BF4B-00C04F79EFBC}") = "GradeBook", "src\GradeBook\GradeBook.csproj", "{22570AC5-7151-4B70-84B1-67DC129C0381}"
EndProject
Project("{2150E333-8FDC-42A3-9474-1A3956D46DE8}") = "test", "test", "{24BEDFAF-C870-43C6-98DC-3FACEA2E463C}"
EndProject
Project("{FAE04EC0-301F-11D3-BF4B-00C04F79EFBC}") = "GradeBook.Tests", "test\GradeBook.Tests\GradeBook.Tests.csproj", "{C93F7D82-C76E-4BF8-9270-A05DB732E96A}"
EndProject
Global
	GlobalSection(SolutionConfigurationPlatforms) = preSolution
		Debug|Any CPU = Debug|Any CPU
		Debug|x64 = Debug|x64
		Debug|x86 = Debug|x86
		Release|Any CPU = Release|Any CPU
		Release|x64 = Release|x64
		Release|x86 = Release|x86
	EndGlobalSection
	GlobalSection(SolutionProperties) = preSolution
		HideSolutionNode = FALSE
	EndGlobalSection
	GlobalSection(ProjectConfigurationPlatforms) = postSolution
		{22570AC5-7151-4B70-84B1-67DC129C0381}.Debug|Any CPU.ActiveCfg = Debug|Any CPU
		{22570AC5-7151-4B70-84B1-67DC129C0381}.Debug|Any CPU.Build.0 = Debug|Any CPU
		{22570AC5-7151-4B70-84B1-67DC129C0381}.Debug|x64.ActiveCfg = Debug|Any CPU
		{22570AC5-7151-4B70-84B1-67DC129C0381}.Debug|x64.Build.0 = Debug|Any CPU
		{22570AC5-7151-4B70-84B1-67DC129C0381}.Debug|x86.ActiveCfg = Debug|Any CPU
		{22570AC5-7151-4B70-84B1-67DC129C0381}.Debug|x86.Build.0 = Debug|Any CPU
		{22570AC5-7151-4B70-84B1-67DC129C0381}.Release|Any CPU.ActiveCfg = Release|Any CPU
		{22570AC5-7151-4B70-84B1-67DC129C0381}.Release|Any CPU.Build.0 = Release|Any CPU
		{22570AC5-7151-4B70-84B1-67DC129C0381}.Release|x64.ActiveCfg = Release|Any CPU
		{22570AC5-7151-4B70-84B1-67DC129C0381}.Release|x64.Build.0 = Release|Any CPU
		{22570AC5-7151-4B70-84B1-67DC129C0381}.Release|x86.ActiveCfg = Release|Any CPU
		{22570AC5-7151-4B70-84B1-67DC129C0381}.Release|x86.Build.0 = Release|Any CPU
		{C93F7D82-C76E-4BF8-9270-A05DB732E96A}.Debug|Any CPU.ActiveCfg = Debug|Any CPU
		{C93F7D82-C76E-4BF8-9270-A05DB732E96A}.Debug|Any CPU.Build.0 = Debug|Any CPU
		{C93F7D82-C76E-4BF8-9270-A05DB732E96A}.Debug|x64.ActiveCfg = Debug|Any CPU
		{C93F7D82-C76E-4BF8-9270-A05DB732E96A}.Debug|x64.Build.0 = Debug|Any CPU
		{C93F7D82-C76E-4BF8-9270-A05DB732E96A}.Debug|x86.ActiveCfg = Debug|Any CPU
		{C93F7D82-C76E-4BF8-9270-A05DB732E96A}.Debug|x86.Build.0 = Debug|Any CPU
		{C93F7D82-C76E-4BF8-9270-A05DB732E96A}.Release|Any CPU.ActiveCfg = Release|Any CPU
		{C93F7D82-C76E-4BF8-9270-A05DB732E96A}.Release|Any CPU.Build.0 = Release|Any CPU
		{C93F7D82-C76E-4BF8-9270-A05DB732E96A}.Release|x64.ActiveCfg = Release|Any CPU
		{C93F7D82-C76E-4BF8-9270-A05DB732E96A}.Release|x64.Build.0 = Release|Any CPU
		{C93F7D82-C76E-4BF8-9270-A05DB732E96A}.Release|x86.ActiveCfg = Release|Any CPU
		{C93F7D82-C76E-4BF8-9270-A05DB732E96A}.Release|x86.Build.0 = Release|Any CPU
	EndGlobalSection
	GlobalSection(NestedProjects) = preSolution
		{22570AC5-7151-4B70-84B1-67DC129C0381} = {FD02FA1D-1EF5-4034-9181-293EDBAD9B8D}
		{C93F7D82-C76E-4BF8-9270-A05DB732E96A} = {24BEDFAF-C870-43C6-98DC-3FACEA2E463C}
	EndGlobalSection
EndGlobal
